// !$*UTF8*$!
{
	archiveVersion = 1;
	classes = {
	};
	objectVersion = 46;
	objects = {

/* Begin PBXBuildFile section */
		55888B5019964A8800B57243 /* Foundation.framework in Frameworks */ = {isa = PBXBuildFile; fileRef = 55888B4F19964A8800B57243 /* Foundation.framework */; };
		55888B5219964A8800B57243 /* CoreGraphics.framework in Frameworks */ = {isa = PBXBuildFile; fileRef = 55888B5119964A8800B57243 /* CoreGraphics.framework */; };
		55888B5419964A8800B57243 /* UIKit.framework in Frameworks */ = {isa = PBXBuildFile; fileRef = 55888B5319964A8800B57243 /* UIKit.framework */; };
		55888B5A19964A8800B57243 /* InfoPlist.strings in Resources */ = {isa = PBXBuildFile; fileRef = 55888B5819964A8800B57243 /* InfoPlist.strings */; };
		55888B5C19964A8800B57243 /* main.m in Sources */ = {isa = PBXBuildFile; fileRef = 55888B5B19964A8800B57243 /* main.m */; };
		55888B6019964A8800B57243 /* AppDelegate.m in Sources */ = {isa = PBXBuildFile; fileRef = 55888B5F19964A8800B57243 /* AppDelegate.m */; };
		55888B6319964A8800B57243 /* Main_iPhone.storyboard in Resources */ = {isa = PBXBuildFile; fileRef = 55888B6119964A8800B57243 /* Main_iPhone.storyboard */; };
		55888B6619964A8800B57243 /* Main_iPad.storyboard in Resources */ = {isa = PBXBuildFile; fileRef = 55888B6419964A8800B57243 /* Main_iPad.storyboard */; };
		55888B6919964A8800B57243 /* ViewController.mm in Sources */ = {isa = PBXBuildFile; fileRef = 55888B6819964A8800B57243 /* ViewController.mm */; };
		55888B6B19964A8800B57243 /* Images.xcassets in Resources */ = {isa = PBXBuildFile; fileRef = 55888B6A19964A8800B57243 /* Images.xcassets */; };
		55888B7219964A8800B57243 /* XCTest.framework in Frameworks */ = {isa = PBXBuildFile; fileRef = 55888B7119964A8800B57243 /* XCTest.framework */; };
		55888B7319964A8800B57243 /* Foundation.framework in Frameworks */ = {isa = PBXBuildFile; fileRef = 55888B4F19964A8800B57243 /* Foundation.framework */; };
		55888B7419964A8800B57243 /* UIKit.framework in Frameworks */ = {isa = PBXBuildFile; fileRef = 55888B5319964A8800B57243 /* UIKit.framework */; };
		55888B7C19964A8800B57243 /* InfoPlist.strings in Resources */ = {isa = PBXBuildFile; fileRef = 55888B7A19964A8800B57243 /* InfoPlist.strings */; };
		55888B7E19964A8800B57243 /* SampleZXing3Tests.m in Sources */ = {isa = PBXBuildFile; fileRef = 55888B7D19964A8800B57243 /* SampleZXing3Tests.m */; };
		55888B9A19964B7E00B57243 /* libZXingWidget.a in Frameworks */ = {isa = PBXBuildFile; fileRef = 55888B9619964B3B00B57243 /* libZXingWidget.a */; };
		55888B9E19964C3300B57243 /* AVFoundation.framework in Frameworks */ = {isa = PBXBuildFile; fileRef = 55888B9D19964C3300B57243 /* AVFoundation.framework */; };
		55888BA019964C3A00B57243 /* AudioToolbox.framework in Frameworks */ = {isa = PBXBuildFile; fileRef = 55888B9F19964C3A00B57243 /* AudioToolbox.framework */; };
		55888BA219964C4500B57243 /* CoreVideo.framework in Frameworks */ = {isa = PBXBuildFile; fileRef = 55888BA119964C4500B57243 /* CoreVideo.framework */; };
		55888BA419964C4C00B57243 /* CoreMedia.framework in Frameworks */ = {isa = PBXBuildFile; fileRef = 55888BA319964C4C00B57243 /* CoreMedia.framework */; };
		55888BA619964C6800B57243 /* libiconv.dylib in Frameworks */ = {isa = PBXBuildFile; fileRef = 55888BA519964C6800B57243 /* libiconv.dylib */; };
		55888BA919964C7600B57243 /* AddressBook.framework in Frameworks */ = {isa = PBXBuildFile; fileRef = 55888BA719964C7600B57243 /* AddressBook.framework */; };
		55888BAA19964C7600B57243 /* AddressBookUI.framework in Frameworks */ = {isa = PBXBuildFile; fileRef = 55888BA819964C7600B57243 /* AddressBookUI.framework */; };
		55B5D78619992EEA004F26E6 /* qrcode_carrot.png in Resources */ = {isa = PBXBuildFile; fileRef = 55B5D78519992EEA004F26E6 /* qrcode_carrot.png */; };
/* End PBXBuildFile section */

/* Begin PBXContainerItemProxy section */
		55888B7519964A8800B57243 /* PBXContainerItemProxy */ = {
			isa = PBXContainerItemProxy;
			containerPortal = 55888B4419964A8800B57243 /* Project object */;
			proxyType = 1;
			remoteGlobalIDString = 55888B4B19964A8800B57243;
			remoteInfo = SampleZXing3;
		};
		55888B9519964B3B00B57243 /* PBXContainerItemProxy */ = {
			isa = PBXContainerItemProxy;
			containerPortal = 55888B9019964B3A00B57243 /* ZXingWidget.xcodeproj */;
			proxyType = 2;
			remoteGlobalIDString = D2AAC07E0554694100DB518D;
			remoteInfo = ZXingWidget;
		};
		55888B9719964B3B00B57243 /* PBXContainerItemProxy */ = {
			isa = PBXContainerItemProxy;
			containerPortal = 55888B9019964B3A00B57243 /* ZXingWidget.xcodeproj */;
			proxyType = 2;
			remoteGlobalIDString = 1D60398D13DF7CAD006F4B51;
			remoteInfo = ZXingTests;
		};
		55888B9B19964BA900B57243 /* PBXContainerItemProxy */ = {
			isa = PBXContainerItemProxy;
			containerPortal = 55888B9019964B3A00B57243 /* ZXingWidget.xcodeproj */;
			proxyType = 1;
			remoteGlobalIDString = D2AAC07D0554694100DB518D;
			remoteInfo = ZXingWidget;
		};
/* End PBXContainerItemProxy section */

/* Begin PBXFileReference section */
		55888B4C19964A8800B57243 /* SampleZXing3.app */ = {isa = PBXFileReference; explicitFileType = wrapper.application; includeInIndex = 0; path = SampleZXing3.app; sourceTree = BUILT_PRODUCTS_DIR; };
		55888B4F19964A8800B57243 /* Foundation.framework */ = {isa = PBXFileReference; lastKnownFileType = wrapper.framework; name = Foundation.framework; path = System/Library/Frameworks/Foundation.framework; sourceTree = SDKROOT; };
		55888B5119964A8800B57243 /* CoreGraphics.framework */ = {isa = PBXFileReference; lastKnownFileType = wrapper.framework; name = CoreGraphics.framework; path = System/Library/Frameworks/CoreGraphics.framework; sourceTree = SDKROOT; };
		55888B5319964A8800B57243 /* UIKit.framework */ = {isa = PBXFileReference; lastKnownFileType = wrapper.framework; name = UIKit.framework; path = System/Library/Frameworks/UIKit.framework; sourceTree = SDKROOT; };
		55888B5719964A8800B57243 /* SampleZXing3-Info.plist */ = {isa = PBXFileReference; lastKnownFileType = text.plist.xml; path = "SampleZXing3-Info.plist"; sourceTree = "<group>"; };
		55888B5919964A8800B57243 /* en */ = {isa = PBXFileReference; lastKnownFileType = text.plist.strings; name = en; path = en.lproj/InfoPlist.strings; sourceTree = "<group>"; };
		55888B5B19964A8800B57243 /* main.m */ = {isa = PBXFileReference; lastKnownFileType = sourcecode.c.objc; path = main.m; sourceTree = "<group>"; };
		55888B5D19964A8800B57243 /* SampleZXing3-Prefix.pch */ = {isa = PBXFileReference; lastKnownFileType = sourcecode.c.h; path = "SampleZXing3-Prefix.pch"; sourceTree = "<group>"; };
		55888B5E19964A8800B57243 /* AppDelegate.h */ = {isa = PBXFileReference; lastKnownFileType = sourcecode.c.h; path = AppDelegate.h; sourceTree = "<group>"; };
		55888B5F19964A8800B57243 /* AppDelegate.m */ = {isa = PBXFileReference; lastKnownFileType = sourcecode.c.objc; path = AppDelegate.m; sourceTree = "<group>"; };
		55888B6219964A8800B57243 /* Base */ = {isa = PBXFileReference; lastKnownFileType = file.storyboard; name = Base; path = Base.lproj/Main_iPhone.storyboard; sourceTree = "<group>"; };
		55888B6519964A8800B57243 /* Base */ = {isa = PBXFileReference; lastKnownFileType = file.storyboard; name = Base; path = Base.lproj/Main_iPad.storyboard; sourceTree = "<group>"; };
		55888B6719964A8800B57243 /* ViewController.h */ = {isa = PBXFileReference; lastKnownFileType = sourcecode.c.h; path = ViewController.h; sourceTree = "<group>"; };
		55888B6819964A8800B57243 /* ViewController.mm */ = {isa = PBXFileReference; lastKnownFileType = sourcecode.cpp.objcpp; path = ViewController.mm; sourceTree = "<group>"; };
		55888B6A19964A8800B57243 /* Images.xcassets */ = {isa = PBXFileReference; lastKnownFileType = folder.assetcatalog; path = Images.xcassets; sourceTree = "<group>"; };
		55888B7019964A8800B57243 /* SampleZXing3Tests.xctest */ = {isa = PBXFileReference; explicitFileType = wrapper.cfbundle; includeInIndex = 0; path = SampleZXing3Tests.xctest; sourceTree = BUILT_PRODUCTS_DIR; };
		55888B7119964A8800B57243 /* XCTest.framework */ = {isa = PBXFileReference; lastKnownFileType = wrapper.framework; name = XCTest.framework; path = Library/Frameworks/XCTest.framework; sourceTree = DEVELOPER_DIR; };
		55888B7919964A8800B57243 /* SampleZXing3Tests-Info.plist */ = {isa = PBXFileReference; lastKnownFileType = text.plist.xml; path = "SampleZXing3Tests-Info.plist"; sourceTree = "<group>"; };
		55888B7B19964A8800B57243 /* en */ = {isa = PBXFileReference; lastKnownFileType = text.plist.strings; name = en; path = en.lproj/InfoPlist.strings; sourceTree = "<group>"; };
		55888B7D19964A8800B57243 /* SampleZXing3Tests.m */ = {isa = PBXFileReference; lastKnownFileType = sourcecode.c.objc; path = SampleZXing3Tests.m; sourceTree = "<group>"; };
		55888B9019964B3A00B57243 /* ZXingWidget.xcodeproj */ = {isa = PBXFileReference; lastKnownFileType = "wrapper.pb-project"; name = ZXingWidget.xcodeproj; path = "../zxing-2.3.0/iphone/ZXingWidget/ZXingWidget.xcodeproj"; sourceTree = "<group>"; };
		55888B9D19964C3300B57243 /* AVFoundation.framework */ = {isa = PBXFileReference; lastKnownFileType = wrapper.framework; name = AVFoundation.framework; path = System/Library/Frameworks/AVFoundation.framework; sourceTree = SDKROOT; };
		55888B9F19964C3A00B57243 /* AudioToolbox.framework */ = {isa = PBXFileReference; lastKnownFileType = wrapper.framework; name = AudioToolbox.framework; path = System/Library/Frameworks/AudioToolbox.framework; sourceTree = SDKROOT; };
		55888BA119964C4500B57243 /* CoreVideo.framework */ = {isa = PBXFileReference; lastKnownFileType = wrapper.framework; name = CoreVideo.framework; path = System/Library/Frameworks/CoreVideo.framework; sourceTree = SDKROOT; };
		55888BA319964C4C00B57243 /* CoreMedia.framework */ = {isa = PBXFileReference; lastKnownFileType = wrapper.framework; name = CoreMedia.framework; path = System/Library/Frameworks/CoreMedia.framework; sourceTree = SDKROOT; };
		55888BA519964C6800B57243 /* libiconv.dylib */ = {isa = PBXFileReference; lastKnownFileType = "compiled.mach-o.dylib"; name = libiconv.dylib; path = usr/lib/libiconv.dylib; sourceTree = SDKROOT; };
		55888BA719964C7600B57243 /* AddressBook.framework */ = {isa = PBXFileReference; lastKnownFileType = wrapper.framework; name = AddressBook.framework; path = System/Library/Frameworks/AddressBook.framework; sourceTree = SDKROOT; };
		55888BA819964C7600B57243 /* AddressBookUI.framework */ = {isa = PBXFileReference; lastKnownFileType = wrapper.framework; name = AddressBookUI.framework; path = System/Library/Frameworks/AddressBookUI.framework; sourceTree = SDKROOT; };
		55B5D78519992EEA004F26E6 /* qrcode_carrot.png */ = {isa = PBXFileReference; lastKnownFileType = image.png; path = qrcode_carrot.png; sourceTree = "<group>"; };
/* End PBXFileReference section */

/* Begin PBXFrameworksBuildPhase section */
		55888B4919964A8800B57243 /* Frameworks */ = {
			isa = PBXFrameworksBuildPhase;
			buildActionMask = 2147483647;
			files = (
				55888BA919964C7600B57243 /* AddressBook.framework in Frameworks */,
				55888BAA19964C7600B57243 /* AddressBookUI.framework in Frameworks */,
				55888BA619964C6800B57243 /* libiconv.dylib in Frameworks */,
				55888BA419964C4C00B57243 /* CoreMedia.framework in Frameworks */,
				55888BA219964C4500B57243 /* CoreVideo.framework in Frameworks */,
				55888BA019964C3A00B57243 /* AudioToolbox.framework in Frameworks */,
				55888B9E19964C3300B57243 /* AVFoundation.framework in Frameworks */,
				55888B9A19964B7E00B57243 /* libZXingWidget.a in Frameworks */,
				55888B5219964A8800B57243 /* CoreGraphics.framework in Frameworks */,
				55888B5419964A8800B57243 /* UIKit.framework in Frameworks */,
				55888B5019964A8800B57243 /* Foundation.framework in Frameworks */,
			);
			runOnlyForDeploymentPostprocessing = 0;
		};
		55888B6D19964A8800B57243 /* Frameworks */ = {
			isa = PBXFrameworksBuildPhase;
			buildActionMask = 2147483647;
			files = (
				55888B7219964A8800B57243 /* XCTest.framework in Frameworks */,
				55888B7419964A8800B57243 /* UIKit.framework in Frameworks */,
				55888B7319964A8800B57243 /* Foundation.framework in Frameworks */,
			);
			runOnlyForDeploymentPostprocessing = 0;
		};
/* End PBXFrameworksBuildPhase section */

/* Begin PBXGroup section */
		55888B4319964A8800B57243 = {
			isa = PBXGroup;
			children = (
				55888B9019964B3A00B57243 /* ZXingWidget.xcodeproj */,
				55888B5519964A8800B57243 /* SampleZXing3 */,
				55888B7719964A8800B57243 /* SampleZXing3Tests */,
				55888B4E19964A8800B57243 /* Frameworks */,
				55888B4D19964A8800B57243 /* Products */,
			);
			sourceTree = "<group>";
		};
		55888B4D19964A8800B57243 /* Products */ = {
			isa = PBXGroup;
			children = (
				55888B4C19964A8800B57243 /* SampleZXing3.app */,
				55888B7019964A8800B57243 /* SampleZXing3Tests.xctest */,
			);
			name = Products;
			sourceTree = "<group>";
		};
		55888B4E19964A8800B57243 /* Frameworks */ = {
			isa = PBXGroup;
			children = (
				55888BA719964C7600B57243 /* AddressBook.framework */,
				55888BA819964C7600B57243 /* AddressBookUI.framework */,
				55888BA519964C6800B57243 /* libiconv.dylib */,
				55888BA319964C4C00B57243 /* CoreMedia.framework */,
				55888BA119964C4500B57243 /* CoreVideo.framework */,
				55888B9F19964C3A00B57243 /* AudioToolbox.framework */,
				55888B9D19964C3300B57243 /* AVFoundation.framework */,
				55888B4F19964A8800B57243 /* Foundation.framework */,
				55888B5119964A8800B57243 /* CoreGraphics.framework */,
				55888B5319964A8800B57243 /* UIKit.framework */,
				55888B7119964A8800B57243 /* XCTest.framework */,
			);
			name = Frameworks;
			sourceTree = "<group>";
		};
		55888B5519964A8800B57243 /* SampleZXing3 */ = {
			isa = PBXGroup;
			children = (
				55888B5E19964A8800B57243 /* AppDelegate.h */,
				55888B5F19964A8800B57243 /* AppDelegate.m */,
				55888B6119964A8800B57243 /* Main_iPhone.storyboard */,
				55888B6419964A8800B57243 /* Main_iPad.storyboard */,
				55888B6719964A8800B57243 /* ViewController.h */,
				55888B6819964A8800B57243 /* ViewController.mm */,
				55888B6A19964A8800B57243 /* Images.xcassets */,
				55888B5619964A8800B57243 /* Supporting Files */,
			);
			path = SampleZXing3;
			sourceTree = "<group>";
		};
		55888B5619964A8800B57243 /* Supporting Files */ = {
			isa = PBXGroup;
			children = (
				55B5D78519992EEA004F26E6 /* qrcode_carrot.png */,
				55888B5719964A8800B57243 /* SampleZXing3-Info.plist */,
				55888B5819964A8800B57243 /* InfoPlist.strings */,
				55888B5B19964A8800B57243 /* main.m */,
				55888B5D19964A8800B57243 /* SampleZXing3-Prefix.pch */,
			);
			name = "Supporting Files";
			sourceTree = "<group>";
		};
		55888B7719964A8800B57243 /* SampleZXing3Tests */ = {
			isa = PBXGroup;
			children = (
				55888B7D19964A8800B57243 /* SampleZXing3Tests.m */,
				55888B7819964A8800B57243 /* Supporting Files */,
			);
			path = SampleZXing3Tests;
			sourceTree = "<group>";
		};
		55888B7819964A8800B57243 /* Supporting Files */ = {
			isa = PBXGroup;
			children = (
				55888B7919964A8800B57243 /* SampleZXing3Tests-Info.plist */,
				55888B7A19964A8800B57243 /* InfoPlist.strings */,
			);
			name = "Supporting Files";
			sourceTree = "<group>";
		};
		55888B9119964B3A00B57243 /* Products */ = {
			isa = PBXGroup;
			children = (
				55888B9619964B3B00B57243 /* libZXingWidget.a */,
				55888B9819964B3B00B57243 /* ZXingTests.octest */,
			);
			name = Products;
			sourceTree = "<group>";
		};
/* End PBXGroup section */

/* Begin PBXNativeTarget section */
		55888B4B19964A8800B57243 /* SampleZXing3 */ = {
			isa = PBXNativeTarget;
			buildConfigurationList = 55888B8119964A8800B57243 /* Build configuration list for PBXNativeTarget "SampleZXing3" */;
			buildPhases = (
				55888B4819964A8800B57243 /* Sources */,
				55888B4919964A8800B57243 /* Frameworks */,
				55888B4A19964A8800B57243 /* Resources */,
			);
			buildRules = (
			);
			dependencies = (
				55888B9C19964BA900B57243 /* PBXTargetDependency */,
			);
			name = SampleZXing3;
			productName = SampleZXing3;
			productReference = 55888B4C19964A8800B57243 /* SampleZXing3.app */;
			productType = "com.apple.product-type.application";
		};
		55888B6F19964A8800B57243 /* SampleZXing3Tests */ = {
			isa = PBXNativeTarget;
			buildConfigurationList = 55888B8419964A8800B57243 /* Build configuration list for PBXNativeTarget "SampleZXing3Tests" */;
			buildPhases = (
				55888B6C19964A8800B57243 /* Sources */,
				55888B6D19964A8800B57243 /* Frameworks */,
				55888B6E19964A8800B57243 /* Resources */,
			);
			buildRules = (
			);
			dependencies = (
				55888B7619964A8800B57243 /* PBXTargetDependency */,
			);
			name = SampleZXing3Tests;
			productName = SampleZXing3Tests;
			productReference = 55888B7019964A8800B57243 /* SampleZXing3Tests.xctest */;
			productType = "com.apple.product-type.bundle.unit-test";
		};
/* End PBXNativeTarget section */

/* Begin PBXProject section */
		55888B4419964A8800B57243 /* Project object */ = {
			isa = PBXProject;
			attributes = {
				LastUpgradeCheck = 0510;
				ORGANIZATIONNAME = "池田昂平";
				TargetAttributes = {
					55888B6F19964A8800B57243 = {
						TestTargetID = 55888B4B19964A8800B57243;
					};
				};
			};
			buildConfigurationList = 55888B4719964A8800B57243 /* Build configuration list for PBXProject "SampleZXing3" */;
			compatibilityVersion = "Xcode 3.2";
			developmentRegion = English;
			hasScannedForEncodings = 0;
			knownRegions = (
				en,
				Base,
			);
			mainGroup = 55888B4319964A8800B57243;
			productRefGroup = 55888B4D19964A8800B57243 /* Products */;
			projectDirPath = "";
			projectReferences = (
				{
					ProductGroup = 55888B9119964B3A00B57243 /* Products */;
					ProjectRef = 55888B9019964B3A00B57243 /* ZXingWidget.xcodeproj */;
				},
			);
			projectRoot = "";
			targets = (
				55888B4B19964A8800B57243 /* SampleZXing3 */,
				55888B6F19964A8800B57243 /* SampleZXing3Tests */,
			);
		};
/* End PBXProject section */

/* Begin PBXReferenceProxy section */
		55888B9619964B3B00B57243 /* libZXingWidget.a */ = {
			isa = PBXReferenceProxy;
			fileType = archive.ar;
			path = libZXingWidget.a;
			remoteRef = 55888B9519964B3B00B57243 /* PBXContainerItemProxy */;
			sourceTree = BUILT_PRODUCTS_DIR;
		};
		55888B9819964B3B00B57243 /* ZXingTests.octest */ = {
			isa = PBXReferenceProxy;
			fileType = wrapper.cfbundle;
			path = ZXingTests.octest;
			remoteRef = 55888B9719964B3B00B57243 /* PBXContainerItemProxy */;
			sourceTree = BUILT_PRODUCTS_DIR;
		};
/* End PBXReferenceProxy section */

/* Begin PBXResourcesBuildPhase section */
		55888B4A19964A8800B57243 /* Resources */ = {
			isa = PBXResourcesBuildPhase;
			buildActionMask = 2147483647;
			files = (
				55B5D78619992EEA004F26E6 /* qrcode_carrot.png in Resources */,
				55888B6619964A8800B57243 /* Main_iPad.storyboard in Resources */,
				55888B6B19964A8800B57243 /* Images.xcassets in Resources */,
				55888B6319964A8800B57243 /* Main_iPhone.storyboard in Resources */,
				55888B5A19964A8800B57243 /* InfoPlist.strings in Resources */,
			);
			runOnlyForDeploymentPostprocessing = 0;
		};
		55888B6E19964A8800B57243 /* Resources */ = {
			isa = PBXResourcesBuildPhase;
			buildActionMask = 2147483647;
			files = (
				55888B7C19964A8800B57243 /* InfoPlist.strings in Resources */,
			);
			runOnlyForDeploymentPostprocessing = 0;
		};
/* End PBXResourcesBuildPhase section */

/* Begin PBXSourcesBuildPhase section */
		55888B4819964A8800B57243 /* Sources */ = {
			isa = PBXSourcesBuildPhase;
			buildActionMask = 2147483647;
			files = (
				55888B6919964A8800B57243 /* ViewController.mm in Sources */,
				55888B6019964A8800B57243 /* AppDelegate.m in Sources */,
				55888B5C19964A8800B57243 /* main.m in Sources */,
			);
			runOnlyForDeploymentPostprocessing = 0;
		};
		55888B6C19964A8800B57243 /* Sources */ = {
			isa = PBXSourcesBuildPhase;
			buildActionMask = 2147483647;
			files = (
				55888B7E19964A8800B57243 /* SampleZXing3Tests.m in Sources */,
			);
			runOnlyForDeploymentPostprocessing = 0;
		};
/* End PBXSourcesBuildPhase section */

/* Begin PBXTargetDependency section */
		55888B7619964A8800B57243 /* PBXTargetDependency */ = {
			isa = PBXTargetDependency;
			target = 55888B4B19964A8800B57243 /* SampleZXing3 */;
			targetProxy = 55888B7519964A8800B57243 /* PBXContainerItemProxy */;
		};
		55888B9C19964BA900B57243 /* PBXTargetDependency */ = {
			isa = PBXTargetDependency;
			name = ZXingWidget;
			targetProxy = 55888B9B19964BA900B57243 /* PBXContainerItemProxy */;
		};
/* End PBXTargetDependency section */

/* Begin PBXVariantGroup section */
		55888B5819964A8800B57243 /* InfoPlist.strings */ = {
			isa = PBXVariantGroup;
			children = (
				55888B5919964A8800B57243 /* en */,
			);
			name = InfoPlist.strings;
			sourceTree = "<group>";
		};
		55888B6119964A8800B57243 /* Main_iPhone.storyboard */ = {
			isa = PBXVariantGroup;
			children = (
				55888B6219964A8800B57243 /* Base */,
			);
			name = Main_iPhone.storyboard;
			sourceTree = "<group>";
		};
		55888B6419964A8800B57243 /* Main_iPad.storyboard */ = {
			isa = PBXVariantGroup;
			children = (
				55888B6519964A8800B57243 /* Base */,
			);
			name = Main_iPad.storyboard;
			sourceTree = "<group>";
		};
		55888B7A19964A8800B57243 /* InfoPlist.strings */ = {
			isa = PBXVariantGroup;
			children = (
				55888B7B19964A8800B57243 /* en */,
			);
			name = InfoPlist.strings;
			sourceTree = "<group>";
		};
/* End PBXVariantGroup section */

/* Begin XCBuildConfiguration section */
		55888B7F19964A8800B57243 /* Debug */ = {
			isa = XCBuildConfiguration;
			buildSettings = {
				ALWAYS_SEARCH_USER_PATHS = NO;
				CLANG_CXX_LANGUAGE_STANDARD = "gnu++98";
				CLANG_CXX_LIBRARY = "libstdc++";
				CLANG_ENABLE_MODULES = YES;
				CLANG_ENABLE_OBJC_ARC = YES;
				CLANG_WARN_BOOL_CONVERSION = YES;
				CLANG_WARN_CONSTANT_CONVERSION = YES;
				CLANG_WARN_DIRECT_OBJC_ISA_USAGE = YES_ERROR;
				CLANG_WARN_EMPTY_BODY = YES;
				CLANG_WARN_ENUM_CONVERSION = YES;
				CLANG_WARN_INT_CONVERSION = YES;
				CLANG_WARN_OBJC_ROOT_CLASS = YES_ERROR;
				CLANG_WARN__DUPLICATE_METHOD_MATCH = YES;
				"CODE_SIGN_IDENTITY[sdk=iphoneos*]" = "iPhone Developer";
				COPY_PHASE_STRIP = NO;
				GCC_C_LANGUAGE_STANDARD = gnu99;
				GCC_DYNAMIC_NO_PIC = NO;
				GCC_OPTIMIZATION_LEVEL = 0;
				GCC_PREPROCESSOR_DEFINITIONS = (
					"DEBUG=1",
					"$(inherited)",
				);
				GCC_SYMBOLS_PRIVATE_EXTERN = NO;
				GCC_WARN_64_TO_32_BIT_CONVERSION = YES;
				GCC_WARN_ABOUT_RETURN_TYPE = YES_ERROR;
				GCC_WARN_UNDECLARED_SELECTOR = YES;
				GCC_WARN_UNINITIALIZED_AUTOS = YES_AGGRESSIVE;
				GCC_WARN_UNUSED_FUNCTION = YES;
				GCC_WARN_UNUSED_VARIABLE = YES;
				IPHONEOS_DEPLOYMENT_TARGET = 7.1;
				ONLY_ACTIVE_ARCH = YES;
				SDKROOT = iphoneos;
				TARGETED_DEVICE_FAMILY = "1,2";
			};
			name = Debug;
		};
		55888B8019964A8800B57243 /* Release */ = {
			isa = XCBuildConfiguration;
			buildSettings = {
				ALWAYS_SEARCH_USER_PATHS = NO;
				CLANG_CXX_LANGUAGE_STANDARD = "gnu++98";
				CLANG_CXX_LIBRARY = "libstdc++";
				CLANG_ENABLE_MODULES = YES;
				CLANG_ENABLE_OBJC_ARC = YES;
				CLANG_WARN_BOOL_CONVERSION = YES;
				CLANG_WARN_CONSTANT_CONVERSION = YES;
				CLANG_WARN_DIRECT_OBJC_ISA_USAGE = YES_ERROR;
				CLANG_WARN_EMPTY_BODY = YES;
				CLANG_WARN_ENUM_CONVERSION = YES;
				CLANG_WARN_INT_CONVERSION = YES;
				CLANG_WARN_OBJC_ROOT_CLASS = YES_ERROR;
				CLANG_WARN__DUPLICATE_METHOD_MATCH = YES;
				"CODE_SIGN_IDENTITY[sdk=iphoneos*]" = "iPhone Developer";
				COPY_PHASE_STRIP = YES;
				ENABLE_NS_ASSERTIONS = NO;
				GCC_C_LANGUAGE_STANDARD = gnu99;
				GCC_WARN_64_TO_32_BIT_CONVERSION = YES;
				GCC_WARN_ABOUT_RETURN_TYPE = YES_ERROR;
				GCC_WARN_UNDECLARED_SELECTOR = YES;
				GCC_WARN_UNINITIALIZED_AUTOS = YES_AGGRESSIVE;
				GCC_WARN_UNUSED_FUNCTION = YES;
				GCC_WARN_UNUSED_VARIABLE = YES;
				IPHONEOS_DEPLOYMENT_TARGET = 7.1;
				SDKROOT = iphoneos;
				TARGETED_DEVICE_FAMILY = "1,2";
				VALIDATE_PRODUCT = YES;
			};
			name = Release;
		};
		55888B8219964A8800B57243 /* Debug */ = {
			isa = XCBuildConfiguration;
			buildSettings = {
				ASSETCATALOG_COMPILER_APPICON_NAME = AppIcon;
				ASSETCATALOG_COMPILER_LAUNCHIMAGE_NAME = LaunchImage;
				GCC_PRECOMPILE_PREFIX_HEADER = YES;
				GCC_PREFIX_HEADER = "SampleZXing3/SampleZXing3-Prefix.pch";
				HEADER_SEARCH_PATHS = (
					"$(inherited)",
					/Applications/Xcode.app/Contents/Developer/Toolchains/XcodeDefault.xctoolchain/usr/include,
					"../zxing-2.3.0/cpp/core/src",
					"../zxing-2.3.0/iphone/ZXingWidget/Classes/**",
				);
				INFOPLIST_FILE = "SampleZXing3/SampleZXing3-Info.plist";
				PRODUCT_NAME = "$(TARGET_NAME)";
				WRAPPER_EXTENSION = app;
			};
			name = Debug;
		};
		55888B8319964A8800B57243 /* Release */ = {
			isa = XCBuildConfiguration;
			buildSettings = {
				ASSETCATALOG_COMPILER_APPICON_NAME = AppIcon;
				ASSETCATALOG_COMPILER_LAUNCHIMAGE_NAME = LaunchImage;
				GCC_PRECOMPILE_PREFIX_HEADER = YES;
				GCC_PREFIX_HEADER = "SampleZXing3/SampleZXing3-Prefix.pch";
				HEADER_SEARCH_PATHS = (
					"$(inherited)",
					/Applications/Xcode.app/Contents/Developer/Toolchains/XcodeDefault.xctoolchain/usr/include,
					"../zxing-2.3.0/cpp/core/src",
					"../zxing-2.3.0/iphone/ZXingWidget/Classes/**",
				);
				INFOPLIST_FILE = "SampleZXing3/SampleZXing3-Info.plist";
				PRODUCT_NAME = "$(TARGET_NAME)";
				WRAPPER_EXTENSION = app;
			};
			name = Release;
		};
		55888B8519964A8800B57243 /* Debug */ = {
			isa = XCBuildConfiguration;
			buildSettings = {
				BUNDLE_LOADER = "$(BUILT_PRODUCTS_DIR)/SampleZXing3.app/SampleZXing3";
				FRAMEWORK_SEARCH_PATHS = (
					"$(SDKROOT)/Developer/Library/Frameworks",
					"$(inherited)",
					"$(DEVELOPER_FRAMEWORKS_DIR)",
				);
				GCC_PRECOMPILE_PREFIX_HEADER = YES;
				GCC_PREFIX_HEADER = "SampleZXing3/SampleZXing3-Prefix.pch";
				GCC_PREPROCESSOR_DEFINITIONS = (
					"DEBUG=1",
					"$(inherited)",
				);
				INFOPLIST_FILE = "SampleZXing3Tests/SampleZXing3Tests-Info.plist";
				PRODUCT_NAME = "$(TARGET_NAME)";
				TEST_HOST = "$(BUNDLE_LOADER)";
				WRAPPER_EXTENSION = xctest;
			};
			name = Debug;
		};
		55888B8619964A8800B57243 /* Release */ = {
			isa = XCBuildConfiguration;
			buildSettings = {
				BUNDLE_LOADER = "$(BUILT_PRODUCTS_DIR)/SampleZXing3.app/SampleZXing3";
				FRAMEWORK_SEARCH_PATHS = (
					"$(SDKROOT)/Developer/Library/Frameworks",
					"$(inherited)",
					"$(DEVELOPER_FRAMEWORKS_DIR)",
				);
				GCC_PRECOMPILE_PREFIX_HEADER = YES;
				GCC_PREFIX_HEADER = "SampleZXing3/SampleZXing3-Prefix.pch";
				INFOPLIST_FILE = "SampleZXing3Tests/SampleZXing3Tests-Info.plist";
				PRODUCT_NAME = "$(TARGET_NAME)";
				TEST_HOST = "$(BUNDLE_LOADER)";
				WRAPPER_EXTENSION = xctest;
			};
			name = Release;
		};
/* End XCBuildConfiguration section */

/* Begin XCConfigurationList section */
		55888B4719964A8800B57243 /* Build configuration list for PBXProject "SampleZXing3" */ = {
			isa = XCConfigurationList;
			buildConfigurations = (
				55888B7F19964A8800B57243 /* Debug */,
				55888B8019964A8800B57243 /* Release */,
			);
			defaultConfigurationIsVisible = 0;
			defaultConfigurationName = Release;
		};
		55888B8119964A8800B57243 /* Build configuration list for PBXNativeTarget "SampleZXing3" */ = {
			isa = XCConfigurationList;
			buildConfigurations = (
				55888B8219964A8800B57243 /* Debug */,
				55888B8319964A8800B57243 /* Release */,
			);
			defaultConfigurationIsVisible = 0;
			defaultConfigurationName = Release;
		};
		55888B8419964A8800B57243 /* Build configuration list for PBXNativeTarget "SampleZXing3Tests" */ = {
			isa = XCConfigurationList;
			buildConfigurations = (
				55888B8519964A8800B57243 /* Debug */,
				55888B8619964A8800B57243 /* Release */,
			);
			defaultConfigurationIsVisible = 0;
			defaultConfigurationName = Release;
		};
/* End XCConfigurationList section */
	};
	rootObject = 55888B4419964A8800B57243 /* Project object */;
}
